// !$*UTF8*$!
{
	archiveVersion = 1;
	classes = {
	};
	objectVersion = 46;
	objects = {

/* Begin PBXBuildFile section */
		033909F91C344E6700EDFB89 /* Then.h in Headers */ = {isa = PBXBuildFile; fileRef = 033909F71C344E6700EDFB89 /* Then.h */; settings = {ATTRIBUTES = (Public, ); }; };
		033909FA1C344E6700EDFB89 /* Then.swift in Sources */ = {isa = PBXBuildFile; fileRef = 033909F81C344E6700EDFB89 /* Then.swift */; };
		0340E5A41C2BE4F400020202 /* Then.framework in Frameworks */ = {isa = PBXBuildFile; fileRef = 0340E5991C2BE4F400020202 /* Then.framework */; };
		0340E5A91C2BE4F400020202 /* ThenTests.swift in Sources */ = {isa = PBXBuildFile; fileRef = 0340E5A81C2BE4F400020202 /* ThenTests.swift */; };
		03545BD51C417B7A00F4D3B9 /* Then.framework in Frameworks */ = {isa = PBXBuildFile; fileRef = C43F90C91C3C288D008185BF /* Then.framework */; };
		03545BDB1C417BB200F4D3B9 /* ThenTests.swift in Sources */ = {isa = PBXBuildFile; fileRef = 0340E5A81C2BE4F400020202 /* ThenTests.swift */; };
		03545BE51C417C1900F4D3B9 /* Then.framework in Frameworks */ = {isa = PBXBuildFile; fileRef = C43F90D71C3C2941008185BF /* Then.framework */; };
		03545BEB1C417C3700F4D3B9 /* ThenTests.swift in Sources */ = {isa = PBXBuildFile; fileRef = 0340E5A81C2BE4F400020202 /* ThenTests.swift */; };
		C42EBD671C3F231000F5066F /* Then.h in Headers */ = {isa = PBXBuildFile; fileRef = 033909F71C344E6700EDFB89 /* Then.h */; settings = {ATTRIBUTES = (Public, ); }; };
		C42EBD681C3F231000F5066F /* Then.h in Headers */ = {isa = PBXBuildFile; fileRef = 033909F71C344E6700EDFB89 /* Then.h */; settings = {ATTRIBUTES = (Public, ); }; };
		C43F90D11C3C289B008185BF /* Then.swift in Sources */ = {isa = PBXBuildFile; fileRef = 033909F81C344E6700EDFB89 /* Then.swift */; };
		C43F90DF1C3C2953008185BF /* Then.swift in Sources */ = {isa = PBXBuildFile; fileRef = 033909F81C344E6700EDFB89 /* Then.swift */; };
/* End PBXBuildFile section */

/* Begin PBXContainerItemProxy section */
		0340E5A51C2BE4F400020202 /* PBXContainerItemProxy */ = {
			isa = PBXContainerItemProxy;
			containerPortal = 0340E5901C2BE4F400020202 /* Project object */;
			proxyType = 1;
			remoteGlobalIDString = 0340E5981C2BE4F400020202;
			remoteInfo = Then;
		};
		03545BD61C417B7A00F4D3B9 /* PBXContainerItemProxy */ = {
			isa = PBXContainerItemProxy;
			containerPortal = 0340E5901C2BE4F400020202 /* Project object */;
			proxyType = 1;
			remoteGlobalIDString = C43F90C81C3C288D008185BF;
			remoteInfo = "Then-OSX";
		};
		03545BE61C417C1900F4D3B9 /* PBXContainerItemProxy */ = {
			isa = PBXContainerItemProxy;
			containerPortal = 0340E5901C2BE4F400020202 /* Project object */;
			proxyType = 1;
			remoteGlobalIDString = C43F90D61C3C2941008185BF;
			remoteInfo = "Then-tvOS";
		};
/* End PBXContainerItemProxy section */

/* Begin PBXFileReference section */
		033909F51C344E4200EDFB89 /* Info-iOS.plist */ = {isa = PBXFileReference; fileEncoding = 4; lastKnownFileType = text.plist.xml; name = "Info-iOS.plist"; path = "Support/Info-iOS.plist"; sourceTree = SOURCE_ROOT; };
		033909F71C344E6700EDFB89 /* Then.h */ = {isa = PBXFileReference; fileEncoding = 4; lastKnownFileType = sourcecode.c.h; path = Then.h; sourceTree = "<group>"; };
		033909F81C344E6700EDFB89 /* Then.swift */ = {isa = PBXFileReference; fileEncoding = 4; lastKnownFileType = sourcecode.swift; path = Then.swift; sourceTree = "<group>"; };
		0340E5991C2BE4F400020202 /* Then.framework */ = {isa = PBXFileReference; explicitFileType = wrapper.framework; includeInIndex = 0; path = Then.framework; sourceTree = BUILT_PRODUCTS_DIR; };
		0340E5A31C2BE4F400020202 /* Then-iOS-Tests.xctest */ = {isa = PBXFileReference; explicitFileType = wrapper.cfbundle; includeInIndex = 0; path = "Then-iOS-Tests.xctest"; sourceTree = BUILT_PRODUCTS_DIR; };
		0340E5A81C2BE4F400020202 /* ThenTests.swift */ = {isa = PBXFileReference; lastKnownFileType = sourcecode.swift; path = ThenTests.swift; sourceTree = "<group>"; };
		03545B981C41787F00F4D3B9 /* Info-OSX.plist */ = {isa = PBXFileReference; fileEncoding = 4; lastKnownFileType = text.plist.xml; name = "Info-OSX.plist"; path = "Support/Info-OSX.plist"; sourceTree = SOURCE_ROOT; };
		03545B991C41787F00F4D3B9 /* Info-tvOS.plist */ = {isa = PBXFileReference; fileEncoding = 4; lastKnownFileType = text.plist.xml; name = "Info-tvOS.plist"; path = "Support/Info-tvOS.plist"; sourceTree = SOURCE_ROOT; };
		03545BD01C417B7A00F4D3B9 /* Then-OSX-Tests.xctest */ = {isa = PBXFileReference; explicitFileType = wrapper.cfbundle; includeInIndex = 0; path = "Then-OSX-Tests.xctest"; sourceTree = BUILT_PRODUCTS_DIR; };
		03545BE01C417C1900F4D3B9 /* Then-tvOS-Tests.xctest */ = {isa = PBXFileReference; explicitFileType = wrapper.cfbundle; includeInIndex = 0; path = "Then-tvOS-Tests.xctest"; sourceTree = BUILT_PRODUCTS_DIR; };
		C43F90C91C3C288D008185BF /* Then.framework */ = {isa = PBXFileReference; explicitFileType = wrapper.framework; includeInIndex = 0; path = Then.framework; sourceTree = BUILT_PRODUCTS_DIR; };
		C43F90D71C3C2941008185BF /* Then.framework */ = {isa = PBXFileReference; explicitFileType = wrapper.framework; includeInIndex = 0; path = Then.framework; sourceTree = BUILT_PRODUCTS_DIR; };
/* End PBXFileReference section */

/* Begin PBXFrameworksBuildPhase section */
		0340E5951C2BE4F400020202 /* Frameworks */ = {
			isa = PBXFrameworksBuildPhase;
			buildActionMask = 2147483647;
			files = (
			);
			runOnlyForDeploymentPostprocessing = 0;
		};
		0340E5A01C2BE4F400020202 /* Frameworks */ = {
			isa = PBXFrameworksBuildPhase;
			buildActionMask = 2147483647;
			files = (
				0340E5A41C2BE4F400020202 /* Then.framework in Frameworks */,
			);
			runOnlyForDeploymentPostprocessing = 0;
		};
		03545BCD1C417B7A00F4D3B9 /* Frameworks */ = {
			isa = PBXFrameworksBuildPhase;
			buildActionMask = 2147483647;
			files = (
				03545BD51C417B7A00F4D3B9 /* Then.framework in Frameworks */,
			);
			runOnlyForDeploymentPostprocessing = 0;
		};
		03545BDD1C417C1900F4D3B9 /* Frameworks */ = {
			isa = PBXFrameworksBuildPhase;
			buildActionMask = 2147483647;
			files = (
				03545BE51C417C1900F4D3B9 /* Then.framework in Frameworks */,
			);
			runOnlyForDeploymentPostprocessing = 0;
		};
		C43F90C51C3C288D008185BF /* Frameworks */ = {
			isa = PBXFrameworksBuildPhase;
			buildActionMask = 2147483647;
			files = (
			);
			runOnlyForDeploymentPostprocessing = 0;
		};
		C43F90D31C3C2941008185BF /* Frameworks */ = {
			isa = PBXFrameworksBuildPhase;
			buildActionMask = 2147483647;
			files = (
			);
			runOnlyForDeploymentPostprocessing = 0;
		};
/* End PBXFrameworksBuildPhase section */

/* Begin PBXGroup section */
		033909F01C344DA400EDFB89 /* Then */ = {
			isa = PBXGroup;
			children = (
				033909F71C344E6700EDFB89 /* Then.h */,
				033909F81C344E6700EDFB89 /* Then.swift */,
				C42EBD6A1C3F235100F5066F /* Supporting Files */,
			);
			name = Then;
			path = Sources;
			sourceTree = "<group>";
		};
		0340E58F1C2BE4F400020202 = {
			isa = PBXGroup;
			children = (
				033909F01C344DA400EDFB89 /* Then */,
				0340E5A71C2BE4F400020202 /* ThenTests */,
				0340E59A1C2BE4F400020202 /* Products */,
			);
			sourceTree = "<group>";
		};
		0340E59A1C2BE4F400020202 /* Products */ = {
			isa = PBXGroup;
			children = (
				0340E5991C2BE4F400020202 /* Then.framework */,
				0340E5A31C2BE4F400020202 /* Then-iOS-Tests.xctest */,
				C43F90C91C3C288D008185BF /* Then.framework */,
				C43F90D71C3C2941008185BF /* Then.framework */,
				03545BD01C417B7A00F4D3B9 /* Then-OSX-Tests.xctest */,
				03545BE01C417C1900F4D3B9 /* Then-tvOS-Tests.xctest */,
			);
			name = Products;
			sourceTree = "<group>";
		};
		0340E5A71C2BE4F400020202 /* ThenTests */ = {
			isa = PBXGroup;
			children = (
				0340E5A81C2BE4F400020202 /* ThenTests.swift */,
			);
			path = ThenTests;
			sourceTree = "<group>";
		};
		C42EBD6A1C3F235100F5066F /* Supporting Files */ = {
			isa = PBXGroup;
			children = (
				033909F51C344E4200EDFB89 /* Info-iOS.plist */,
				03545B981C41787F00F4D3B9 /* Info-OSX.plist */,
				03545B991C41787F00F4D3B9 /* Info-tvOS.plist */,
			);
			name = "Supporting Files";
			sourceTree = "<group>";
		};
/* End PBXGroup section */

/* Begin PBXHeadersBuildPhase section */
		0340E5961C2BE4F400020202 /* Headers */ = {
			isa = PBXHeadersBuildPhase;
			buildActionMask = 2147483647;
			files = (
				033909F91C344E6700EDFB89 /* Then.h in Headers */,
			);
			runOnlyForDeploymentPostprocessing = 0;
		};
		C43F90C61C3C288D008185BF /* Headers */ = {
			isa = PBXHeadersBuildPhase;
			buildActionMask = 2147483647;
			files = (
				C42EBD671C3F231000F5066F /* Then.h in Headers */,
			);
			runOnlyForDeploymentPostprocessing = 0;
		};
		C43F90D41C3C2941008185BF /* Headers */ = {
			isa = PBXHeadersBuildPhase;
			buildActionMask = 2147483647;
			files = (
				C42EBD681C3F231000F5066F /* Then.h in Headers */,
			);
			runOnlyForDeploymentPostprocessing = 0;
		};
/* End PBXHeadersBuildPhase section */

/* Begin PBXNativeTarget section */
		0340E5981C2BE4F400020202 /* Then-iOS */ = {
			isa = PBXNativeTarget;
			buildConfigurationList = 0340E5AD1C2BE4F400020202 /* Build configuration list for PBXNativeTarget "Then-iOS" */;
			buildPhases = (
				0340E5941C2BE4F400020202 /* Sources */,
				0340E5951C2BE4F400020202 /* Frameworks */,
				0340E5961C2BE4F400020202 /* Headers */,
				0340E5971C2BE4F400020202 /* Resources */,
			);
			buildRules = (
			);
			dependencies = (
			);
			name = "Then-iOS";
			productName = Then;
			productReference = 0340E5991C2BE4F400020202 /* Then.framework */;
			productType = "com.apple.product-type.framework";
		};
		0340E5A21C2BE4F400020202 /* Then-iOS-Tests */ = {
			isa = PBXNativeTarget;
			buildConfigurationList = 0340E5B01C2BE4F400020202 /* Build configuration list for PBXNativeTarget "Then-iOS-Tests" */;
			buildPhases = (
				0340E59F1C2BE4F400020202 /* Sources */,
				0340E5A01C2BE4F400020202 /* Frameworks */,
				0340E5A11C2BE4F400020202 /* Resources */,
			);
			buildRules = (
			);
			dependencies = (
				0340E5A61C2BE4F400020202 /* PBXTargetDependency */,
			);
			name = "Then-iOS-Tests";
			productName = ThenTests;
			productReference = 0340E5A31C2BE4F400020202 /* Then-iOS-Tests.xctest */;
			productType = "com.apple.product-type.bundle.unit-test";
		};
		03545BCF1C417B7A00F4D3B9 /* Then-OSX-Tests */ = {
			isa = PBXNativeTarget;
			buildConfigurationList = 03545BD81C417B7A00F4D3B9 /* Build configuration list for PBXNativeTarget "Then-OSX-Tests" */;
			buildPhases = (
				03545BCC1C417B7A00F4D3B9 /* Sources */,
				03545BCD1C417B7A00F4D3B9 /* Frameworks */,
				03545BCE1C417B7A00F4D3B9 /* Resources */,
			);
			buildRules = (
			);
			dependencies = (
				03545BD71C417B7A00F4D3B9 /* PBXTargetDependency */,
			);
			name = "Then-OSX-Tests";
			productName = "Then-OSX-Tests";
			productReference = 03545BD01C417B7A00F4D3B9 /* Then-OSX-Tests.xctest */;
			productType = "com.apple.product-type.bundle.unit-test";
		};
		03545BDF1C417C1900F4D3B9 /* Then-tvOS-Tests */ = {
			isa = PBXNativeTarget;
			buildConfigurationList = 03545BE81C417C1900F4D3B9 /* Build configuration list for PBXNativeTarget "Then-tvOS-Tests" */;
			buildPhases = (
				03545BDC1C417C1900F4D3B9 /* Sources */,
				03545BDD1C417C1900F4D3B9 /* Frameworks */,
				03545BDE1C417C1900F4D3B9 /* Resources */,
			);
			buildRules = (
			);
			dependencies = (
				03545BE71C417C1900F4D3B9 /* PBXTargetDependency */,
			);
			name = "Then-tvOS-Tests";
			productName = ThenTestsTVOS;
			productReference = 03545BE01C417C1900F4D3B9 /* Then-tvOS-Tests.xctest */;
			productType = "com.apple.product-type.bundle.unit-test";
		};
		C43F90C81C3C288D008185BF /* Then-OSX */ = {
			isa = PBXNativeTarget;
			buildConfigurationList = C43F90D01C3C288D008185BF /* Build configuration list for PBXNativeTarget "Then-OSX" */;
			buildPhases = (
				C43F90C41C3C288D008185BF /* Sources */,
				C43F90C51C3C288D008185BF /* Frameworks */,
				C43F90C61C3C288D008185BF /* Headers */,
				C43F90C71C3C288D008185BF /* Resources */,
			);
			buildRules = (
			);
			dependencies = (
			);
			name = "Then-OSX";
			productName = ThenOSX;
			productReference = C43F90C91C3C288D008185BF /* Then.framework */;
			productType = "com.apple.product-type.framework";
		};
		C43F90D61C3C2941008185BF /* Then-tvOS */ = {
			isa = PBXNativeTarget;
			buildConfigurationList = C43F90DC1C3C2941008185BF /* Build configuration list for PBXNativeTarget "Then-tvOS" */;
			buildPhases = (
				C43F90D21C3C2941008185BF /* Sources */,
				C43F90D31C3C2941008185BF /* Frameworks */,
				C43F90D41C3C2941008185BF /* Headers */,
				C43F90D51C3C2941008185BF /* Resources */,
			);
			buildRules = (
			);
			dependencies = (
			);
			name = "Then-tvOS";
			productName = ThenTVOS;
			productReference = C43F90D71C3C2941008185BF /* Then.framework */;
			productType = "com.apple.product-type.framework";
		};
/* End PBXNativeTarget section */

/* Begin PBXProject section */
		0340E5901C2BE4F400020202 /* Project object */ = {
			isa = PBXProject;
			attributes = {
				LastSwiftUpdateCheck = 0720;
				LastUpgradeCheck = 0800;
				ORGANIZATIONNAME = "Suyeol Jeon";
				TargetAttributes = {
					0340E5981C2BE4F400020202 = {
						CreatedOnToolsVersion = 7.2;
						LastSwiftMigration = 0800;
					};
					0340E5A21C2BE4F400020202 = {
						CreatedOnToolsVersion = 7.2;
						LastSwiftMigration = 0800;
					};
					03545BCF1C417B7A00F4D3B9 = {
						CreatedOnToolsVersion = 7.2;
						LastSwiftMigration = 0800;
					};
					03545BDF1C417C1900F4D3B9 = {
						CreatedOnToolsVersion = 7.2;
						LastSwiftMigration = 0800;
					};
					C43F90C81C3C288D008185BF = {
						CreatedOnToolsVersion = 7.2;
						LastSwiftMigration = 0800;
					};
					C43F90D61C3C2941008185BF = {
						CreatedOnToolsVersion = 7.2;
						DevelopmentTeam = GGU39CDBL2;
						LastSwiftMigration = 0800;
					};
				};
			};
			buildConfigurationList = 0340E5931C2BE4F400020202 /* Build configuration list for PBXProject "Then" */;
			compatibilityVersion = "Xcode 3.2";
			developmentRegion = English;
			hasScannedForEncodings = 0;
			knownRegions = (
				en,
			);
			mainGroup = 0340E58F1C2BE4F400020202;
			productRefGroup = 0340E59A1C2BE4F400020202 /* Products */;
			projectDirPath = "";
			projectRoot = "";
			targets = (
				0340E5981C2BE4F400020202 /* Then-iOS */,
				0340E5A21C2BE4F400020202 /* Then-iOS-Tests */,
				C43F90C81C3C288D008185BF /* Then-OSX */,
				03545BCF1C417B7A00F4D3B9 /* Then-OSX-Tests */,
				C43F90D61C3C2941008185BF /* Then-tvOS */,
				03545BDF1C417C1900F4D3B9 /* Then-tvOS-Tests */,
			);
		};
/* End PBXProject section */

/* Begin PBXResourcesBuildPhase section */
		0340E5971C2BE4F400020202 /* Resources */ = {
			isa = PBXResourcesBuildPhase;
			buildActionMask = 2147483647;
			files = (
			);
			runOnlyForDeploymentPostprocessing = 0;
		};
		0340E5A11C2BE4F400020202 /* Resources */ = {
			isa = PBXResourcesBuildPhase;
			buildActionMask = 2147483647;
			files = (
			);
			runOnlyForDeploymentPostprocessing = 0;
		};
		03545BCE1C417B7A00F4D3B9 /* Resources */ = {
			isa = PBXResourcesBuildPhase;
			buildActionMask = 2147483647;
			files = (
			);
			runOnlyForDeploymentPostprocessing = 0;
		};
		03545BDE1C417C1900F4D3B9 /* Resources */ = {
			isa = PBXResourcesBuildPhase;
			buildActionMask = 2147483647;
			files = (
			);
			runOnlyForDeploymentPostprocessing = 0;
		};
		C43F90C71C3C288D008185BF /* Resources */ = {
			isa = PBXResourcesBuildPhase;
			buildActionMask = 2147483647;
			files = (
			);
			runOnlyForDeploymentPostprocessing = 0;
		};
		C43F90D51C3C2941008185BF /* Resources */ = {
			isa = PBXResourcesBuildPhase;
			buildActionMask = 2147483647;
			files = (
			);
			runOnlyForDeploymentPostprocessing = 0;
		};
/* End PBXResourcesBuildPhase section */

/* Begin PBXSourcesBuildPhase section */
		0340E5941C2BE4F400020202 /* Sources */ = {
			isa = PBXSourcesBuildPhase;
			buildActionMask = 2147483647;
			files = (
				033909FA1C344E6700EDFB89 /* Then.swift in Sources */,
			);
			runOnlyForDeploymentPostprocessing = 0;
		};
		0340E59F1C2BE4F400020202 /* Sources */ = {
			isa = PBXSourcesBuildPhase;
			buildActionMask = 2147483647;
			files = (
				0340E5A91C2BE4F400020202 /* ThenTests.swift in Sources */,
			);
			runOnlyForDeploymentPostprocessing = 0;
		};
		03545BCC1C417B7A00F4D3B9 /* Sources */ = {
			isa = PBXSourcesBuildPhase;
			buildActionMask = 2147483647;
			files = (
				03545BDB1C417BB200F4D3B9 /* ThenTests.swift in Sources */,
			);
			runOnlyForDeploymentPostprocessing = 0;
		};
		03545BDC1C417C1900F4D3B9 /* Sources */ = {
			isa = PBXSourcesBuildPhase;
			buildActionMask = 2147483647;
			files = (
				03545BEB1C417C3700F4D3B9 /* ThenTests.swift in Sources */,
			);
			runOnlyForDeploymentPostprocessing = 0;
		};
		C43F90C41C3C288D008185BF /* Sources */ = {
			isa = PBXSourcesBuildPhase;
			buildActionMask = 2147483647;
			files = (
				C43F90D11C3C289B008185BF /* Then.swift in Sources */,
			);
			runOnlyForDeploymentPostprocessing = 0;
		};
		C43F90D21C3C2941008185BF /* Sources */ = {
			isa = PBXSourcesBuildPhase;
			buildActionMask = 2147483647;
			files = (
				C43F90DF1C3C2953008185BF /* Then.swift in Sources */,
			);
			runOnlyForDeploymentPostprocessing = 0;
		};
/* End PBXSourcesBuildPhase section */

/* Begin PBXTargetDependency section */
		0340E5A61C2BE4F400020202 /* PBXTargetDependency */ = {
			isa = PBXTargetDependency;
			target = 0340E5981C2BE4F400020202 /* Then-iOS */;
			targetProxy = 0340E5A51C2BE4F400020202 /* PBXContainerItemProxy */;
		};
		03545BD71C417B7A00F4D3B9 /* PBXTargetDependency */ = {
			isa = PBXTargetDependency;
			target = C43F90C81C3C288D008185BF /* Then-OSX */;
			targetProxy = 03545BD61C417B7A00F4D3B9 /* PBXContainerItemProxy */;
		};
		03545BE71C417C1900F4D3B9 /* PBXTargetDependency */ = {
			isa = PBXTargetDependency;
			target = C43F90D61C3C2941008185BF /* Then-tvOS */;
			targetProxy = 03545BE61C417C1900F4D3B9 /* PBXContainerItemProxy */;
		};
/* End PBXTargetDependency section */

/* Begin XCBuildConfiguration section */
		0340E5AB1C2BE4F400020202 /* Debug */ = {
			isa = XCBuildConfiguration;
			buildSettings = {
				ALWAYS_SEARCH_USER_PATHS = NO;
				CLANG_CXX_LANGUAGE_STANDARD = "gnu++0x";
				CLANG_CXX_LIBRARY = "libc++";
				CLANG_ENABLE_MODULES = YES;
				CLANG_ENABLE_OBJC_ARC = YES;
				CLANG_WARN_BOOL_CONVERSION = YES;
				CLANG_WARN_CONSTANT_CONVERSION = YES;
				CLANG_WARN_DIRECT_OBJC_ISA_USAGE = YES_ERROR;
				CLANG_WARN_EMPTY_BODY = YES;
				CLANG_WARN_ENUM_CONVERSION = YES;
				CLANG_WARN_INFINITE_RECURSION = YES;
				CLANG_WARN_INT_CONVERSION = YES;
				CLANG_WARN_OBJC_ROOT_CLASS = YES_ERROR;
				CLANG_WARN_SUSPICIOUS_MOVE = YES;
				CLANG_WARN_UNREACHABLE_CODE = YES;
				CLANG_WARN__DUPLICATE_METHOD_MATCH = YES;
				"CODE_SIGN_IDENTITY[sdk=iphoneos*]" = "iPhone Developer";
				COPY_PHASE_STRIP = NO;
				CURRENT_PROJECT_VERSION = 1;
				DEBUG_INFORMATION_FORMAT = dwarf;
				ENABLE_STRICT_OBJC_MSGSEND = YES;
				ENABLE_TESTABILITY = YES;
				GCC_C_LANGUAGE_STANDARD = gnu99;
				GCC_DYNAMIC_NO_PIC = NO;
				GCC_NO_COMMON_BLOCKS = YES;
				GCC_OPTIMIZATION_LEVEL = 0;
				GCC_PREPROCESSOR_DEFINITIONS = (
					"DEBUG=1",
					"$(inherited)",
				);
				GCC_WARN_64_TO_32_BIT_CONVERSION = YES;
				GCC_WARN_ABOUT_RETURN_TYPE = YES_ERROR;
				GCC_WARN_UNDECLARED_SELECTOR = YES;
				GCC_WARN_UNINITIALIZED_AUTOS = YES_AGGRESSIVE;
				GCC_WARN_UNUSED_FUNCTION = YES;
				GCC_WARN_UNUSED_VARIABLE = YES;
				IPHONEOS_DEPLOYMENT_TARGET = 9.2;
				MACOSX_DEPLOYMENT_TARGET = 10.9;
				MTL_ENABLE_DEBUG_INFO = YES;
				ONLY_ACTIVE_ARCH = YES;
				SDKROOT = iphoneos;
				SWIFT_OPTIMIZATION_LEVEL = "-Onone";
				TARGETED_DEVICE_FAMILY = "1,2";
				VERSIONING_SYSTEM = "apple-generic";
				VERSION_INFO_PREFIX = "";
			};
			name = Debug;
		};
		0340E5AC1C2BE4F400020202 /* Release */ = {
			isa = XCBuildConfiguration;
			buildSettings = {
				ALWAYS_SEARCH_USER_PATHS = NO;
				CLANG_CXX_LANGUAGE_STANDARD = "gnu++0x";
				CLANG_CXX_LIBRARY = "libc++";
				CLANG_ENABLE_MODULES = YES;
				CLANG_ENABLE_OBJC_ARC = YES;
				CLANG_WARN_BOOL_CONVERSION = YES;
				CLANG_WARN_CONSTANT_CONVERSION = YES;
				CLANG_WARN_DIRECT_OBJC_ISA_USAGE = YES_ERROR;
				CLANG_WARN_EMPTY_BODY = YES;
				CLANG_WARN_ENUM_CONVERSION = YES;
				CLANG_WARN_INFINITE_RECURSION = YES;
				CLANG_WARN_INT_CONVERSION = YES;
				CLANG_WARN_OBJC_ROOT_CLASS = YES_ERROR;
				CLANG_WARN_SUSPICIOUS_MOVE = YES;
				CLANG_WARN_UNREACHABLE_CODE = YES;
				CLANG_WARN__DUPLICATE_METHOD_MATCH = YES;
				"CODE_SIGN_IDENTITY[sdk=iphoneos*]" = "iPhone Developer";
				COPY_PHASE_STRIP = NO;
				CURRENT_PROJECT_VERSION = 1;
				DEBUG_INFORMATION_FORMAT = "dwarf-with-dsym";
				ENABLE_NS_ASSERTIONS = NO;
				ENABLE_STRICT_OBJC_MSGSEND = YES;
				GCC_C_LANGUAGE_STANDARD = gnu99;
				GCC_NO_COMMON_BLOCKS = YES;
				GCC_WARN_64_TO_32_BIT_CONVERSION = YES;
				GCC_WARN_ABOUT_RETURN_TYPE = YES_ERROR;
				GCC_WARN_UNDECLARED_SELECTOR = YES;
				GCC_WARN_UNINITIALIZED_AUTOS = YES_AGGRESSIVE;
				GCC_WARN_UNUSED_FUNCTION = YES;
				GCC_WARN_UNUSED_VARIABLE = YES;
				IPHONEOS_DEPLOYMENT_TARGET = 9.2;
				MACOSX_DEPLOYMENT_TARGET = 10.9;
				MTL_ENABLE_DEBUG_INFO = NO;
				SDKROOT = iphoneos;
				SWIFT_OPTIMIZATION_LEVEL = "-Owholemodule";
				TARGETED_DEVICE_FAMILY = "1,2";
				VALIDATE_PRODUCT = YES;
				VERSIONING_SYSTEM = "apple-generic";
				VERSION_INFO_PREFIX = "";
			};
			name = Release;
		};
		0340E5AE1C2BE4F400020202 /* Debug */ = {
			isa = XCBuildConfiguration;
			buildSettings = {
				CLANG_ENABLE_MODULES = YES;
				"CODE_SIGN_IDENTITY[sdk=iphoneos*]" = "";
				DEFINES_MODULE = YES;
				DYLIB_COMPATIBILITY_VERSION = 1;
				DYLIB_CURRENT_VERSION = 1;
				DYLIB_INSTALL_NAME_BASE = "@rpath";
				INFOPLIST_FILE = "$(SRCROOT)/Support/Info-iOS.plist";
				INSTALL_PATH = "$(LOCAL_LIBRARY_DIR)/Frameworks";
				IPHONEOS_DEPLOYMENT_TARGET = 8.0;
				LD_RUNPATH_SEARCH_PATHS = "$(inherited) @executable_path/Frameworks @loader_path/Frameworks";
				PRODUCT_BUNDLE_IDENTIFIER = kr.xoul.Then;
				PRODUCT_NAME = Then;
				SKIP_INSTALL = YES;
				SWIFT_OPTIMIZATION_LEVEL = "-Onone";
				SWIFT_VERSION = 3.0;
			};
			name = Debug;
		};
		0340E5AF1C2BE4F400020202 /* Release */ = {
			isa = XCBuildConfiguration;
			buildSettings = {
				CLANG_ENABLE_MODULES = YES;
				"CODE_SIGN_IDENTITY[sdk=iphoneos*]" = "";
				DEFINES_MODULE = YES;
				DYLIB_COMPATIBILITY_VERSION = 1;
				DYLIB_CURRENT_VERSION = 1;
				DYLIB_INSTALL_NAME_BASE = "@rpath";
				INFOPLIST_FILE = "$(SRCROOT)/Support/Info-iOS.plist";
				INSTALL_PATH = "$(LOCAL_LIBRARY_DIR)/Frameworks";
				IPHONEOS_DEPLOYMENT_TARGET = 8.0;
				LD_RUNPATH_SEARCH_PATHS = "$(inherited) @executable_path/Frameworks @loader_path/Frameworks";
				PRODUCT_BUNDLE_IDENTIFIER = kr.xoul.Then;
				PRODUCT_NAME = Then;
				SKIP_INSTALL = YES;
				SWIFT_VERSION = 3.0;
			};
			name = Release;
		};
		0340E5B11C2BE4F400020202 /* Debug */ = {
			isa = XCBuildConfiguration;
			buildSettings = {
				INFOPLIST_FILE = "Support/Info-iOS.plist";
				LD_RUNPATH_SEARCH_PATHS = "$(inherited) @executable_path/Frameworks @loader_path/Frameworks";
				PRODUCT_NAME = "$(TARGET_NAME)";
				SWIFT_VERSION = 3.0;
			};
			name = Debug;
		};
		0340E5B21C2BE4F400020202 /* Release */ = {
			isa = XCBuildConfiguration;
			buildSettings = {
				INFOPLIST_FILE = "Support/Info-iOS.plist";
				LD_RUNPATH_SEARCH_PATHS = "$(inherited) @executable_path/Frameworks @loader_path/Frameworks";
				PRODUCT_NAME = "$(TARGET_NAME)";
				SWIFT_VERSION = 3.0;
			};
			name = Release;
		};
		03545BD91C417B7A00F4D3B9 /* Debug */ = {
			isa = XCBuildConfiguration;
			buildSettings = {
				CODE_SIGN_IDENTITY = "-";
				COMBINE_HIDPI_IMAGES = YES;
				INFOPLIST_FILE = "Support/Info-OSX.plist";
				LD_RUNPATH_SEARCH_PATHS = "$(inherited) @executable_path/../Frameworks @loader_path/../Frameworks";
				MACOSX_DEPLOYMENT_TARGET = 10.11;
				PRODUCT_NAME = "$(TARGET_NAME)";
				SDKROOT = macosx;
				SWIFT_VERSION = 3.0;
			};
			name = Debug;
		};
		03545BDA1C417B7A00F4D3B9 /* Release */ = {
			isa = XCBuildConfiguration;
			buildSettings = {
				CODE_SIGN_IDENTITY = "-";
				COMBINE_HIDPI_IMAGES = YES;
				INFOPLIST_FILE = "Support/Info-OSX.plist";
				LD_RUNPATH_SEARCH_PATHS = "$(inherited) @executable_path/../Frameworks @loader_path/../Frameworks";
				MACOSX_DEPLOYMENT_TARGET = 10.11;
				PRODUCT_NAME = "$(TARGET_NAME)";
				SDKROOT = macosx;
				SWIFT_VERSION = 3.0;
			};
			name = Release;
		};
		03545BE91C417C1900F4D3B9 /* Debug */ = {
			isa = XCBuildConfiguration;
			buildSettings = {
				INFOPLIST_FILE = "Support/Info-tvOS.plist";
				LD_RUNPATH_SEARCH_PATHS = "$(inherited) @executable_path/Frameworks @loader_path/Frameworks";
				PRODUCT_NAME = "$(TARGET_NAME)";
				SDKROOT = appletvos;
				SWIFT_VERSION = 3.0;
				TVOS_DEPLOYMENT_TARGET = 9.1;
			};
			name = Debug;
		};
		03545BEA1C417C1900F4D3B9 /* Release */ = {
			isa = XCBuildConfiguration;
			buildSettings = {
				INFOPLIST_FILE = "Support/Info-tvOS.plist";
				LD_RUNPATH_SEARCH_PATHS = "$(inherited) @executable_path/Frameworks @loader_path/Frameworks";
				PRODUCT_NAME = "$(TARGET_NAME)";
				SDKROOT = appletvos;
				SWIFT_VERSION = 3.0;
				TVOS_DEPLOYMENT_TARGET = 9.1;
			};
			name = Release;
		};
		C43F90CE1C3C288D008185BF /* Debug */ = {
			isa = XCBuildConfiguration;
			buildSettings = {
				CODE_SIGN_IDENTITY = "";
				COMBINE_HIDPI_IMAGES = YES;
				DEFINES_MODULE = YES;
				DYLIB_COMPATIBILITY_VERSION = 1;
				DYLIB_CURRENT_VERSION = 1;
				DYLIB_INSTALL_NAME_BASE = "@rpath";
				FRAMEWORK_VERSION = A;
				INFOPLIST_FILE = "$(SRCROOT)/Support/Info-OSX.plist";
				INSTALL_PATH = "$(LOCAL_LIBRARY_DIR)/Frameworks";
				LD_RUNPATH_SEARCH_PATHS = "$(inherited) @executable_path/../Frameworks @loader_path/Frameworks";
				PRODUCT_BUNDLE_IDENTIFIER = kr.xoul.Then;
				PRODUCT_NAME = Then;
				SDKROOT = macosx;
				SKIP_INSTALL = YES;
				SWIFT_VERSION = 3.0;
			};
			name = Debug;
		};
		C43F90CF1C3C288D008185BF /* Release */ = {
			isa = XCBuildConfiguration;
			buildSettings = {
				CODE_SIGN_IDENTITY = "";
				COMBINE_HIDPI_IMAGES = YES;
				DEFINES_MODULE = YES;
				DYLIB_COMPATIBILITY_VERSION = 1;
				DYLIB_CURRENT_VERSION = 1;
				DYLIB_INSTALL_NAME_BASE = "@rpath";
				FRAMEWORK_VERSION = A;
				INFOPLIST_FILE = "$(SRCROOT)/Support/Info-OSX.plist";
				INSTALL_PATH = "$(LOCAL_LIBRARY_DIR)/Frameworks";
				LD_RUNPATH_SEARCH_PATHS = "$(inherited) @executable_path/../Frameworks @loader_path/Frameworks";
				PRODUCT_BUNDLE_IDENTIFIER = kr.xoul.Then;
				PRODUCT_NAME = Then;
				SDKROOT = macosx;
				SKIP_INSTALL = YES;
				SWIFT_VERSION = 3.0;
			};
			name = Release;
		};
		C43F90DD1C3C2941008185BF /* Debug */ = {
			isa = XCBuildConfiguration;
			buildSettings = {
				CODE_SIGN_IDENTITY = "iPhone Developer";
				"CODE_SIGN_IDENTITY[sdk=appletvos*]" = "";
				DEFINES_MODULE = YES;
				DYLIB_COMPATIBILITY_VERSION = 1;
				DYLIB_CURRENT_VERSION = 1;
				DYLIB_INSTALL_NAME_BASE = "@rpath";
				ENABLE_BITCODE = YES;
				INFOPLIST_FILE = "$(SRCROOT)/Support/Info-tvOS.plist";
				INSTALL_PATH = "$(LOCAL_LIBRARY_DIR)/Frameworks";
				LD_RUNPATH_SEARCH_PATHS = "$(inherited) @executable_path/Frameworks @loader_path/Frameworks";
				PRODUCT_BUNDLE_IDENTIFIER = kr.xoul.Then;
				PRODUCT_NAME = Then;
				SDKROOT = appletvos;
				SKIP_INSTALL = YES;
				SWIFT_VERSION = 3.0;
				TARGETED_DEVICE_FAMILY = 3;
				TVOS_DEPLOYMENT_TARGET = 9.0;
			};
			name = Debug;
		};
		C43F90DE1C3C2941008185BF /* Release */ = {
			isa = XCBuildConfiguration;
			buildSettings = {
				CODE_SIGN_IDENTITY = "iPhone Developer";
				"CODE_SIGN_IDENTITY[sdk=appletvos*]" = "";
				DEFINES_MODULE = YES;
				DYLIB_COMPATIBILITY_VERSION = 1;
				DYLIB_CURRENT_VERSION = 1;
				DYLIB_INSTALL_NAME_BASE = "@rpath";
				ENABLE_BITCODE = YES;
				INFOPLIST_FILE = "$(SRCROOT)/Support/Info-tvOS.plist";
				INSTALL_PATH = "$(LOCAL_LIBRARY_DIR)/Frameworks";
				LD_RUNPATH_SEARCH_PATHS = "$(inherited) @executable_path/Frameworks @loader_path/Frameworks";
				PRODUCT_BUNDLE_IDENTIFIER = kr.xoul.Then;
				PRODUCT_NAME = Then;
				SDKROOT = appletvos;
				SKIP_INSTALL = YES;
				SWIFT_VERSION = 3.0;
				TARGETED_DEVICE_FAMILY = 3;
				TVOS_DEPLOYMENT_TARGET = 9.0;
			};
			name = Release;
		};
/* End XCBuildConfiguration section */

/* Begin XCConfigurationList section */
		0340E5931C2BE4F400020202 /* Build configuration list for PBXProject "Then" */ = {
			isa = XCConfigurationList;
			buildConfigurations = (
				0340E5AB1C2BE4F400020202 /* Debug */,
				0340E5AC1C2BE4F400020202 /* Release */,
			);
			defaultConfigurationIsVisible = 0;
			defaultConfigurationName = Release;
		};
		0340E5AD1C2BE4F400020202 /* Build configuration list for PBXNativeTarget "Then-iOS" */ = {
			isa = XCConfigurationList;
			buildConfigurations = (
				0340E5AE1C2BE4F400020202 /* Debug */,
				0340E5AF1C2BE4F400020202 /* Release */,
			);
			defaultConfigurationIsVisible = 0;
			defaultConfigurationName = Release;
		};
		0340E5B01C2BE4F400020202 /* Build configuration list for PBXNativeTarget "Then-iOS-Tests" */ = {
			isa = XCConfigurationList;
			buildConfigurations = (
				0340E5B11C2BE4F400020202 /* Debug */,
				0340E5B21C2BE4F400020202 /* Release */,
			);
			defaultConfigurationIsVisible = 0;
			defaultConfigurationName = Release;
		};
		03545BD81C417B7A00F4D3B9 /* Build configuration list for PBXNativeTarget "Then-OSX-Tests" */ = {
			isa = XCConfigurationList;
			buildConfigurations = (
				03545BD91C417B7A00F4D3B9 /* Debug */,
				03545BDA1C417B7A00F4D3B9 /* Release */,
			);
			defaultConfigurationIsVisible = 0;
			defaultConfigurationName = Release;
		};
		03545BE81C417C1900F4D3B9 /* Build configuration list for PBXNativeTarget "Then-tvOS-Tests" */ = {
			isa = XCConfigurationList;
			buildConfigurations = (
				03545BE91C417C1900F4D3B9 /* Debug */,
				03545BEA1C417C1900F4D3B9 /* Release */,
			);
			defaultConfigurationIsVisible = 0;
			defaultConfigurationName = Release;
		};
		C43F90D01C3C288D008185BF /* Build configuration list for PBXNativeTarget "Then-OSX" */ = {
			isa = XCConfigurationList;
			buildConfigurations = (
				C43F90CE1C3C288D008185BF /* Debug */,
				C43F90CF1C3C288D008185BF /* Release */,
			);
			defaultConfigurationIsVisible = 0;
			defaultConfigurationName = Release;
		};
		C43F90DC1C3C2941008185BF /* Build configuration list for PBXNativeTarget "Then-tvOS" */ = {
			isa = XCConfigurationList;
			buildConfigurations = (
				C43F90DD1C3C2941008185BF /* Debug */,
				C43F90DE1C3C2941008185BF /* Release */,
			);
			defaultConfigurationIsVisible = 0;
			defaultConfigurationName = Release;
		};
/* End XCConfigurationList section */
	};
	rootObject = 0340E5901C2BE4F400020202 /* Project object */;
}
